
Microsoft Visual Studio Solution File, Format Version 12.00
# Visual Studio 14
VisualStudioVersion = 14.0.25420.1
MinimumVisualStudioVersion = 10.0.40219.1
Project("{FAE04EC0-301F-11D3-BF4B-00C04F79EFBC}") = "Quadrocopter", "Quadrocopter\Quadrocopter.csproj", "{938AE87B-6661-4BA6-BEA3-C354021E9073}"
EndProject
Project("{FAE04EC0-301F-11D3-BF4B-00C04F79EFBC}") = "PLUSPLUS", "..\PLUSPLUS\PLUSPLUS\PLUSPLUS.csproj", "{191128ED-9EC5-40D6-BEFE-A920F265BD74}"
EndProject
Global
	GlobalSection(SolutionConfigurationPlatforms) = preSolution
		Debug|Any CPU = Debug|Any CPU
		Release|Any CPU = Release|Any CPU
	EndGlobalSection
	GlobalSection(ProjectConfigurationPlatforms) = postSolution
		{938AE87B-6661-4BA6-BEA3-C354021E9073}.Debug|Any CPU.ActiveCfg = Debug|Any CPU
		{938AE87B-6661-4BA6-BEA3-C354021E9073}.Debug|Any CPU.Build.0 = Debug|Any CPU
		{938AE87B-6661-4BA6-BEA3-C354021E9073}.Release|Any CPU.ActiveCfg = Release|Any CPU
		{938AE87B-6661-4BA6-BEA3-C354021E9073}.Release|Any CPU.Build.0 = Release|Any CPU
		{191128ED-9EC5-40D6-BEFE-A920F265BD74}.Debug|Any CPU.ActiveCfg = Debug|Any CPU
		{191128ED-9EC5-40D6-BEFE-A920F265BD74}.Debug|Any CPU.Build.0 = Debug|Any CPU
		{191128ED-9EC5-40D6-BEFE-A920F265BD74}.Release|Any CPU.ActiveCfg = Release|Any CPU
		{191128ED-9EC5-40D6-BEFE-A920F265BD74}.Release|Any CPU.Build.0 = Release|Any CPU
	EndGlobalSection
	GlobalSection(SolutionProperties) = preSolution
		HideSolutionNode = FALSE
	EndGlobalSection
EndGlobal
